
Microsoft Visual Studio Solution File, Format Version 12.00
# Visual Studio Version 17
VisualStudioVersion = 17.7.34031.279
MinimumVisualStudioVersion = 10.0.40219.1
Project("{FAE04EC0-301F-11D3-BF4B-00C04F79EFBC}") = "CalculadoraSalarialExamen", "CalculadoraSalarialExamen\CalculadoraSalarialExamen.csproj", "{252E8771-637B-489F-9D3F-16A9ABC827A2}"
EndProject
Project("{FAE04EC0-301F-11D3-BF4B-00C04F79EFBC}") = "UnitTestCalculadora", "UnitTestCalculadora\UnitTestCalculadora.csproj", "{A48D6851-304E-42E6-8A25-B85E21E35AD1}"
EndProject
Global
	GlobalSection(SolutionConfigurationPlatforms) = preSolution
		Debug|Any CPU = Debug|Any CPU
		Release|Any CPU = Release|Any CPU
	EndGlobalSection
	GlobalSection(ProjectConfigurationPlatforms) = postSolution
		{252E8771-637B-489F-9D3F-16A9ABC827A2}.Debug|Any CPU.ActiveCfg = Debug|Any CPU
		{252E8771-637B-489F-9D3F-16A9ABC827A2}.Debug|Any CPU.Build.0 = Debug|Any CPU
		{252E8771-637B-489F-9D3F-16A9ABC827A2}.Release|Any CPU.ActiveCfg = Release|Any CPU
		{252E8771-637B-489F-9D3F-16A9ABC827A2}.Release|Any CPU.Build.0 = Release|Any CPU
		{A48D6851-304E-42E6-8A25-B85E21E35AD1}.Debug|Any CPU.ActiveCfg = Debug|Any CPU
		{A48D6851-304E-42E6-8A25-B85E21E35AD1}.Debug|Any CPU.Build.0 = Debug|Any CPU
		{A48D6851-304E-42E6-8A25-B85E21E35AD1}.Release|Any CPU.ActiveCfg = Release|Any CPU
		{A48D6851-304E-42E6-8A25-B85E21E35AD1}.Release|Any CPU.Build.0 = Release|Any CPU
	EndGlobalSection
	GlobalSection(SolutionProperties) = preSolution
		HideSolutionNode = FALSE
	EndGlobalSection
	GlobalSection(ExtensibilityGlobals) = postSolution
		SolutionGuid = {FD049D6C-24BB-47BF-9532-CAED79321ADD}
	EndGlobalSection
EndGlobal
